
Microsoft Visual Studio Solution File, Format Version 12.00
# Visual Studio 15
VisualStudioVersion = 15.0.28306.52
MinimumVisualStudioVersion = 10.0.40219.1
Project("{FAE04EC0-301F-11D3-BF4B-00C04F79EFBC}") = "CSharpExperiments", "CSharpExperiments\CSharpExperiments.csproj", "{C5482141-91C0-4EB8-A07D-FF1B1B6D1E07}"
EndProject
Global
	GlobalSection(SolutionConfigurationPlatforms) = preSolution
		Debug|Any CPU = Debug|Any CPU
		Release|Any CPU = Release|Any CPU
	EndGlobalSection
	GlobalSection(ProjectConfigurationPlatforms) = postSolution
		{C5482141-91C0-4EB8-A07D-FF1B1B6D1E07}.Debug|Any CPU.ActiveCfg = Debug|Any CPU
		{C5482141-91C0-4EB8-A07D-FF1B1B6D1E07}.Debug|Any CPU.Build.0 = Debug|Any CPU
		{C5482141-91C0-4EB8-A07D-FF1B1B6D1E07}.Release|Any CPU.ActiveCfg = Release|Any CPU
		{C5482141-91C0-4EB8-A07D-FF1B1B6D1E07}.Release|Any CPU.Build.0 = Release|Any CPU
	EndGlobalSection
	GlobalSection(SolutionProperties) = preSolution
		HideSolutionNode = FALSE
	EndGlobalSection
	GlobalSection(ExtensibilityGlobals) = postSolution
		SolutionGuid = {3751369B-B0A2-4D76-9E76-F297750DBFA2}
	EndGlobalSection
EndGlobal
